
Microsoft Visual Studio Solution File, Format Version 12.00
# Visual Studio Version 16
VisualStudioVersion = 16.0.29613.14
MinimumVisualStudioVersion = 15.0.26124.0
Project("{9A19103F-16F7-4668-BE54-9A1E7A4F7556}") = "HelloXUnit", "HelloXUnit\HelloXUnit.csproj", "{A9D139F2-D4BC-4AFF-AB03-677D35222A42}"
EndProject
Project("{9A19103F-16F7-4668-BE54-9A1E7A4F7556}") = "HelloXUnit.Test", "HelloXUnit.Test\HelloXUnit.Test.csproj", "{B5DE01F7-6E98-40AB-A6A7-7ACE9F4F69BC}"
EndProject
Global
	GlobalSection(SolutionConfigurationPlatforms) = preSolution
		Debug|Any CPU = Debug|Any CPU
		Debug|x64 = Debug|x64
		Debug|x86 = Debug|x86
		Release|Any CPU = Release|Any CPU
		Release|x64 = Release|x64
		Release|x86 = Release|x86
	EndGlobalSection
	GlobalSection(ProjectConfigurationPlatforms) = postSolution
		{A9D139F2-D4BC-4AFF-AB03-677D35222A42}.Debug|Any CPU.ActiveCfg = Debug|Any CPU
		{A9D139F2-D4BC-4AFF-AB03-677D35222A42}.Debug|Any CPU.Build.0 = Debug|Any CPU
		{A9D139F2-D4BC-4AFF-AB03-677D35222A42}.Debug|x64.ActiveCfg = Debug|Any CPU
		{A9D139F2-D4BC-4AFF-AB03-677D35222A42}.Debug|x64.Build.0 = Debug|Any CPU
		{A9D139F2-D4BC-4AFF-AB03-677D35222A42}.Debug|x86.ActiveCfg = Debug|Any CPU
		{A9D139F2-D4BC-4AFF-AB03-677D35222A42}.Debug|x86.Build.0 = Debug|Any CPU
		{A9D139F2-D4BC-4AFF-AB03-677D35222A42}.Release|Any CPU.ActiveCfg = Release|Any CPU
		{A9D139F2-D4BC-4AFF-AB03-677D35222A42}.Release|Any CPU.Build.0 = Release|Any CPU
		{A9D139F2-D4BC-4AFF-AB03-677D35222A42}.Release|x64.ActiveCfg = Release|Any CPU
		{A9D139F2-D4BC-4AFF-AB03-677D35222A42}.Release|x64.Build.0 = Release|Any CPU
		{A9D139F2-D4BC-4AFF-AB03-677D35222A42}.Release|x86.ActiveCfg = Release|Any CPU
		{A9D139F2-D4BC-4AFF-AB03-677D35222A42}.Release|x86.Build.0 = Release|Any CPU
		{B5DE01F7-6E98-40AB-A6A7-7ACE9F4F69BC}.Debug|Any CPU.ActiveCfg = Debug|Any CPU
		{B5DE01F7-6E98-40AB-A6A7-7ACE9F4F69BC}.Debug|Any CPU.Build.0 = Debug|Any CPU
		{B5DE01F7-6E98-40AB-A6A7-7ACE9F4F69BC}.Debug|x64.ActiveCfg = Debug|Any CPU
		{B5DE01F7-6E98-40AB-A6A7-7ACE9F4F69BC}.Debug|x64.Build.0 = Debug|Any CPU
		{B5DE01F7-6E98-40AB-A6A7-7ACE9F4F69BC}.Debug|x86.ActiveCfg = Debug|Any CPU
		{B5DE01F7-6E98-40AB-A6A7-7ACE9F4F69BC}.Debug|x86.Build.0 = Debug|Any CPU
		{B5DE01F7-6E98-40AB-A6A7-7ACE9F4F69BC}.Release|Any CPU.ActiveCfg = Release|Any CPU
		{B5DE01F7-6E98-40AB-A6A7-7ACE9F4F69BC}.Release|Any CPU.Build.0 = Release|Any CPU
		{B5DE01F7-6E98-40AB-A6A7-7ACE9F4F69BC}.Release|x64.ActiveCfg = Release|Any CPU
		{B5DE01F7-6E98-40AB-A6A7-7ACE9F4F69BC}.Release|x64.Build.0 = Release|Any CPU
		{B5DE01F7-6E98-40AB-A6A7-7ACE9F4F69BC}.Release|x86.ActiveCfg = Release|Any CPU
		{B5DE01F7-6E98-40AB-A6A7-7ACE9F4F69BC}.Release|x86.Build.0 = Release|Any CPU
	EndGlobalSection
	GlobalSection(SolutionProperties) = preSolution
		HideSolutionNode = FALSE
	EndGlobalSection
	GlobalSection(ExtensibilityGlobals) = postSolution
		SolutionGuid = {8762E34F-E5A7-4BEC-AEB5-5ED0A9550BDC}
	EndGlobalSection
EndGlobal
