
Microsoft Visual Studio Solution File, Format Version 12.00
# Visual Studio Version 16
VisualStudioVersion = 16.0.29613.14
MinimumVisualStudioVersion = 10.0.40219.1
Project("{FAE04EC0-301F-11D3-BF4B-00C04F79EFBC}") = "XUnitHandsOn.CapturingOutputTest", "XUnitHandsOn.CapturingOutputTest\XUnitHandsOn.CapturingOutputTest.csproj", "{55A54A8A-1B1C-4D80-B9B1-D5590EB2CF98}"
EndProject
Project("{FAE04EC0-301F-11D3-BF4B-00C04F79EFBC}") = "XUnitHandsOn.DataAttributeTest", "XUnitHandsOn.DataAttributeTest\XUnitHandsOn.DataAttributeTest.csproj", "{4B9669B5-4C93-4764-98AC-57E94DF0EEEC}"
EndProject
Project("{FAE04EC0-301F-11D3-BF4B-00C04F79EFBC}") = "XUnitHandsOn.ParallelTest", "XUnitHandsOn.ParallelTest\XUnitHandsOn.ParallelTest.csproj", "{2C415E6B-BB5D-44C4-A2BC-EC2B825B66EB}"
EndProject
Project("{FAE04EC0-301F-11D3-BF4B-00C04F79EFBC}") = "XUnitHandsOn.SharedContextTest", "XUnitHandsOn.SharedContextTest\XUnitHandsOn.SharedContextTest.csproj", "{624A4926-9EBF-4EA8-BB3E-CE83006317EE}"
EndProject
Global
	GlobalSection(SolutionProperties) = preSolution
		HideSolutionNode = FALSE
	EndGlobalSection
	GlobalSection(ExtensibilityGlobals) = postSolution
		SolutionGuid = {6E9F75E7-14E4-48DB-BA7D-D236E13A5FDB}
	EndGlobalSection
	GlobalSection(SolutionConfigurationPlatforms) = preSolution
		Debug|Any CPU = Debug|Any CPU
		Debug|x64 = Debug|x64
		Debug|x86 = Debug|x86
		Release|Any CPU = Release|Any CPU
		Release|x64 = Release|x64
		Release|x86 = Release|x86
	EndGlobalSection
	GlobalSection(ProjectConfigurationPlatforms) = postSolution
		{55A54A8A-1B1C-4D80-B9B1-D5590EB2CF98}.Debug|Any CPU.ActiveCfg = Debug|Any CPU
		{55A54A8A-1B1C-4D80-B9B1-D5590EB2CF98}.Debug|Any CPU.Build.0 = Debug|Any CPU
		{55A54A8A-1B1C-4D80-B9B1-D5590EB2CF98}.Debug|x64.ActiveCfg = Debug|Any CPU
		{55A54A8A-1B1C-4D80-B9B1-D5590EB2CF98}.Debug|x64.Build.0 = Debug|Any CPU
		{55A54A8A-1B1C-4D80-B9B1-D5590EB2CF98}.Debug|x86.ActiveCfg = Debug|Any CPU
		{55A54A8A-1B1C-4D80-B9B1-D5590EB2CF98}.Debug|x86.Build.0 = Debug|Any CPU
		{55A54A8A-1B1C-4D80-B9B1-D5590EB2CF98}.Release|Any CPU.ActiveCfg = Release|Any CPU
		{55A54A8A-1B1C-4D80-B9B1-D5590EB2CF98}.Release|Any CPU.Build.0 = Release|Any CPU
		{55A54A8A-1B1C-4D80-B9B1-D5590EB2CF98}.Release|x64.ActiveCfg = Release|Any CPU
		{55A54A8A-1B1C-4D80-B9B1-D5590EB2CF98}.Release|x64.Build.0 = Release|Any CPU
		{55A54A8A-1B1C-4D80-B9B1-D5590EB2CF98}.Release|x86.ActiveCfg = Release|Any CPU
		{55A54A8A-1B1C-4D80-B9B1-D5590EB2CF98}.Release|x86.Build.0 = Release|Any CPU
		{4B9669B5-4C93-4764-98AC-57E94DF0EEEC}.Debug|Any CPU.ActiveCfg = Debug|Any CPU
		{4B9669B5-4C93-4764-98AC-57E94DF0EEEC}.Debug|Any CPU.Build.0 = Debug|Any CPU
		{4B9669B5-4C93-4764-98AC-57E94DF0EEEC}.Debug|x64.ActiveCfg = Debug|Any CPU
		{4B9669B5-4C93-4764-98AC-57E94DF0EEEC}.Debug|x64.Build.0 = Debug|Any CPU
		{4B9669B5-4C93-4764-98AC-57E94DF0EEEC}.Debug|x86.ActiveCfg = Debug|Any CPU
		{4B9669B5-4C93-4764-98AC-57E94DF0EEEC}.Debug|x86.Build.0 = Debug|Any CPU
		{4B9669B5-4C93-4764-98AC-57E94DF0EEEC}.Release|Any CPU.ActiveCfg = Release|Any CPU
		{4B9669B5-4C93-4764-98AC-57E94DF0EEEC}.Release|Any CPU.Build.0 = Release|Any CPU
		{4B9669B5-4C93-4764-98AC-57E94DF0EEEC}.Release|x64.ActiveCfg = Release|Any CPU
		{4B9669B5-4C93-4764-98AC-57E94DF0EEEC}.Release|x64.Build.0 = Release|Any CPU
		{4B9669B5-4C93-4764-98AC-57E94DF0EEEC}.Release|x86.ActiveCfg = Release|Any CPU
		{4B9669B5-4C93-4764-98AC-57E94DF0EEEC}.Release|x86.Build.0 = Release|Any CPU
		{2C415E6B-BB5D-44C4-A2BC-EC2B825B66EB}.Debug|Any CPU.ActiveCfg = Debug|Any CPU
		{2C415E6B-BB5D-44C4-A2BC-EC2B825B66EB}.Debug|Any CPU.Build.0 = Debug|Any CPU
		{2C415E6B-BB5D-44C4-A2BC-EC2B825B66EB}.Debug|x64.ActiveCfg = Debug|Any CPU
		{2C415E6B-BB5D-44C4-A2BC-EC2B825B66EB}.Debug|x64.Build.0 = Debug|Any CPU
		{2C415E6B-BB5D-44C4-A2BC-EC2B825B66EB}.Debug|x86.ActiveCfg = Debug|Any CPU
		{2C415E6B-BB5D-44C4-A2BC-EC2B825B66EB}.Debug|x86.Build.0 = Debug|Any CPU
		{2C415E6B-BB5D-44C4-A2BC-EC2B825B66EB}.Release|Any CPU.ActiveCfg = Release|Any CPU
		{2C415E6B-BB5D-44C4-A2BC-EC2B825B66EB}.Release|Any CPU.Build.0 = Release|Any CPU
		{2C415E6B-BB5D-44C4-A2BC-EC2B825B66EB}.Release|x64.ActiveCfg = Release|Any CPU
		{2C415E6B-BB5D-44C4-A2BC-EC2B825B66EB}.Release|x64.Build.0 = Release|Any CPU
		{2C415E6B-BB5D-44C4-A2BC-EC2B825B66EB}.Release|x86.ActiveCfg = Release|Any CPU
		{2C415E6B-BB5D-44C4-A2BC-EC2B825B66EB}.Release|x86.Build.0 = Release|Any CPU
		{624A4926-9EBF-4EA8-BB3E-CE83006317EE}.Debug|Any CPU.ActiveCfg = Debug|Any CPU
		{624A4926-9EBF-4EA8-BB3E-CE83006317EE}.Debug|Any CPU.Build.0 = Debug|Any CPU
		{624A4926-9EBF-4EA8-BB3E-CE83006317EE}.Debug|x64.ActiveCfg = Debug|Any CPU
		{624A4926-9EBF-4EA8-BB3E-CE83006317EE}.Debug|x64.Build.0 = Debug|Any CPU
		{624A4926-9EBF-4EA8-BB3E-CE83006317EE}.Debug|x86.ActiveCfg = Debug|Any CPU
		{624A4926-9EBF-4EA8-BB3E-CE83006317EE}.Debug|x86.Build.0 = Debug|Any CPU
		{624A4926-9EBF-4EA8-BB3E-CE83006317EE}.Release|Any CPU.ActiveCfg = Release|Any CPU
		{624A4926-9EBF-4EA8-BB3E-CE83006317EE}.Release|Any CPU.Build.0 = Release|Any CPU
		{624A4926-9EBF-4EA8-BB3E-CE83006317EE}.Release|x64.ActiveCfg = Release|Any CPU
		{624A4926-9EBF-4EA8-BB3E-CE83006317EE}.Release|x64.Build.0 = Release|Any CPU
		{624A4926-9EBF-4EA8-BB3E-CE83006317EE}.Release|x86.ActiveCfg = Release|Any CPU
		{624A4926-9EBF-4EA8-BB3E-CE83006317EE}.Release|x86.Build.0 = Release|Any CPU
	EndGlobalSection
EndGlobal
